
Microsoft Visual Studio Solution File, Format Version 12.00
# Visual Studio 15
VisualStudioVersion = 15.0.27703.2042
MinimumVisualStudioVersion = 10.0.40219.1
Project("{FAE04EC0-301F-11D3-BF4B-00C04F79EFBC}") = "HelloWorld", "HelloWorld\HelloWorld.csproj", "{B7560788-578B-45BA-87D6-08E4BC1F11DB}"
EndProject
Global
	GlobalSection(SolutionConfigurationPlatforms) = preSolution
		Debug|Any CPU = Debug|Any CPU
		Release|Any CPU = Release|Any CPU
	EndGlobalSection
	GlobalSection(ProjectConfigurationPlatforms) = postSolution
		{B7560788-578B-45BA-87D6-08E4BC1F11DB}.Debug|Any CPU.ActiveCfg = Debug|Any CPU
		{B7560788-578B-45BA-87D6-08E4BC1F11DB}.Debug|Any CPU.Build.0 = Debug|Any CPU
		{B7560788-578B-45BA-87D6-08E4BC1F11DB}.Release|Any CPU.ActiveCfg = Release|Any CPU
		{B7560788-578B-45BA-87D6-08E4BC1F11DB}.Release|Any CPU.Build.0 = Release|Any CPU
	EndGlobalSection
	GlobalSection(SolutionProperties) = preSolution
		HideSolutionNode = FALSE
	EndGlobalSection
	GlobalSection(ExtensibilityGlobals) = postSolution
		SolutionGuid = {8A8D51B5-D402-4CB2-9ADD-F03C1761A083}
	EndGlobalSection
EndGlobal
